{
  "version": 4,
  "terraform_version": "1.13.3",
  "serial": 118,
  "lineage": "b5d236fb-4473-bab6-a3c6-8c6ab0c51c69",
  "outputs": {},
  "resources": [
    {
      "module": "module.talos",
      "mode": "data",
      "type": "hcloud_datacenter",
      "name": "this",
      "provider": "module.talos.provider[\"registry.terraform.io/hetznercloud/hcloud\"]",
      "instances": [
        {
          "schema_version": 0,
          "attributes": {
            "available_server_type_ids": [
              22,
              23,
              24,
              25,
              26,
              45,
              93,
              94,
              95,
              96,
              97,
              98,
              99,
              100
            ],
            "description": "Falkenstein 1 virtual DC 14",
            "id": 4,
            "location": {
              "city": "Falkenstein",
              "country": "DE",
              "description": "Falkenstein DC Park 1",
              "id": "1",
              "latitude": "50.476120",
              "longitude": "12.370071",
              "name": "fsn1"
            },
            "name": "fsn1-dc14",
            "supported_server_type_ids": [
              22,
              23,
              24,
              25,
              26,
              45,
              93,
              94,
              95,
              96,
              97,
              98,
              99,
              100,
              101,
              104,
              105,
              106,
              107
            ]
          },
          "sensitive_attributes": [],
          "identity_schema_version": 0
        }
      ]
    },
    {
      "module": "module.talos",
      "mode": "data",
      "type": "hcloud_location",
      "name": "this",
      "provider": "module.talos.provider[\"registry.terraform.io/hetznercloud/hcloud\"]",
      "instances": [
        {
          "schema_version": 0,
          "attributes": {
            "city": "Falkenstein",
            "country": "DE",
            "description": "Falkenstein DC Park 1",
            "id": 1,
            "latitude": 50.47612,
            "longitude": 12.370071,
            "name": "fsn1",
            "network_zone": "eu-central"
          },
          "sensitive_attributes": [],
          "identity_schema_version": 0
        }
      ]
    },
    {
      "module": "module.talos",
      "mode": "data",
      "type": "http",
      "name": "personal_ipv4",
      "provider": "provider[\"registry.terraform.io/hashicorp/http\"]",
      "instances": [
        {
          "index_key": 0,
          "schema_version": 0,
          "attributes": {
            "body": "88.90.121.20\n",
            "ca_cert_pem": null,
            "client_cert_pem": null,
            "client_key_pem": null,
            "id": "https://ipv4.icanhazip.com",
            "insecure": null,
            "method": null,
            "request_body": null,
            "request_headers": null,
            "request_timeout_ms": null,
            "response_body": "88.90.121.20\n",
            "response_body_base64": "ODguOTAuMTIxLjIwCg==",
            "response_headers": {
              "Access-Control-Allow-Methods": "GET",
              "Access-Control-Allow-Origin": "*",
              "Alt-Svc": "h3=\":443\"; ma=86400",
              "Cf-Ray": "98e60247cab70afa-OSL",
              "Content-Length": "13",
              "Content-Type": "text/plain",
              "Date": "Tue, 14 Oct 2025 09:21:51 GMT",
              "Server": "cloudflare",
              "Set-Cookie": "__cf_bm=iSuhIqEQVac0vFu.1.UicpjrnuQ7QDlY5aNIQxVWWVI-1760433711-1.0.1.1-D91dDuEbudlQOqLnaHdfJ.IQvYBySIac9cfRgQjgNAstaXksN56Aq1i1Np0H6sCZQP5zD98En4eDsacShR7mb5.e_ZMQwNlKny1Qt0SClsM; path=/; expires=Tue, 14-Oct-25 09:51:51 GMT; domain=.icanhazip.com; HttpOnly; Secure; SameSite=None",
              "Vary": "Accept-Encoding"
            },
            "retry": null,
            "status_code": 200,
            "url": "https://ipv4.icanhazip.com"
          },
          "sensitive_attributes": [],
          "identity_schema_version": 0
        }
      ]
    },
    {
      "module": "module.talos",
      "mode": "data",
      "type": "http",
      "name": "personal_ipv6",
      "provider": "provider[\"registry.terraform.io/hashicorp/http\"]",
      "instances": [
        {
          "index_key": 0,
          "schema_version": 0,
          "attributes": {
            "body": "2001:4654:6351:0:e8e0:492:bfbe:f8b6\n",
            "ca_cert_pem": null,
            "client_cert_pem": null,
            "client_key_pem": null,
            "id": "https://ipv6.icanhazip.com",
            "insecure": null,
            "method": null,
            "request_body": null,
            "request_headers": null,
            "request_timeout_ms": null,
            "response_body": "2001:4654:6351:0:e8e0:492:bfbe:f8b6\n",
            "response_body_base64": "MjAwMTo0NjU0OjYzNTE6MDplOGUwOjQ5MjpiZmJlOmY4YjYK",
            "response_headers": {
              "Access-Control-Allow-Methods": "GET",
              "Access-Control-Allow-Origin": "*",
              "Alt-Svc": "h3=\":443\"; ma=86400",
              "Cf-Ray": "98e60247caea5695-OSL",
              "Content-Length": "36",
              "Content-Type": "text/plain",
              "Date": "Tue, 14 Oct 2025 09:21:51 GMT",
              "Server": "cloudflare",
              "Set-Cookie": "__cf_bm=By888U1XusFHolj244SEEPL.q57V5c6SdUwcZOvJuQE-1760433711-1.0.1.1-BIVwE5cWEZk9FxFnhwaXzyw2S3BOgv0UNE_TVpT51jQv8xwDn0bAv5DhfStPRw63OJjKxPi2vnYdN4M6AfqYbkeDrhMqVctNgxf96ENKyQs; path=/; expires=Tue, 14-Oct-25 09:51:51 GMT; domain=.icanhazip.com; HttpOnly; Secure; SameSite=None",
              "Vary": "Accept-Encoding"
            },
            "retry": null,
            "status_code": 200,
            "url": "https://ipv6.icanhazip.com"
          },
          "sensitive_attributes": [],
          "identity_schema_version": 0
        }
      ]
    },
    {
      "module": "module.talos",
      "mode": "managed",
      "type": "hcloud_firewall",
      "name": "this",
      "provider": "module.talos.provider[\"registry.terraform.io/hetznercloud/hcloud\"]",
      "instances": [
        {
          "schema_version": 0,
          "attributes": {
            "apply_to": [
              {
                "label_selector": "",
                "server": 110755913
              },
              {
                "label_selector": "",
                "server": 110755914
              },
              {
                "label_selector": "",
                "server": 110755915
              },
              {
                "label_selector": "",
                "server": 110755916
              },
              {
                "label_selector": "",
                "server": 110755917
              },
              {
                "label_selector": "",
                "server": 110755918
              }
            ],
            "id": "10084927",
            "labels": {
              "cluster": "chriswk"
            },
            "name": "chriswk",
            "rule": [
              {
                "description": "Allow Incoming Requests to Kube API Server",
                "destination_ips": [],
                "direction": "in",
                "port": "6443",
                "protocol": "tcp",
                "source_ips": [
                  "2001:4654:6351:0:e8e0:492:bfbe:f8b6/128",
                  "88.90.121.20/32"
                ]
              },
              {
                "description": "Allow Incoming Requests to Talos API Server",
                "destination_ips": [],
                "direction": "in",
                "port": "50000",
                "protocol": "tcp",
                "source_ips": [
                  "2001:4654:6351:0:e8e0:492:bfbe:f8b6/128",
                  "88.90.121.20/32"
                ]
              }
            ]
          },
          "sensitive_attributes": [],
          "identity_schema_version": 0,
          "private": "bnVsbA==",
          "dependencies": [
            "module.talos.data.http.personal_ipv4",
            "module.talos.data.http.personal_ipv6"
          ]
        }
      ]
    },
    {
      "module": "module.talos",
      "mode": "managed",
      "type": "hcloud_network",
      "name": "this",
      "provider": "module.talos.provider[\"registry.terraform.io/hetznercloud/hcloud\"]",
      "instances": [
        {
          "schema_version": 0,
          "attributes": {
            "delete_protection": false,
            "expose_routes_to_vswitch": false,
            "id": "11528141",
            "ip_range": "10.0.0.0/16",
            "labels": {
              "cluster": "chriswk"
            },
            "name": "chriswk"
          },
          "sensitive_attributes": [],
          "identity_schema_version": 0,
          "private": "bnVsbA=="
        }
      ]
    },
    {
      "module": "module.talos",
      "mode": "managed",
      "type": "hcloud_network_subnet",
      "name": "nodes",
      "provider": "module.talos.provider[\"registry.terraform.io/hetznercloud/hcloud\"]",
      "instances": [
        {
          "schema_version": 0,
          "attributes": {
            "gateway": "10.0.0.1",
            "id": "11528141-10.0.1.0/24",
            "ip_range": "10.0.1.0/24",
            "network_id": 11528141,
            "network_zone": "eu-central",
            "type": "cloud",
            "vswitch_id": null
          },
          "sensitive_attributes": [],
          "identity_schema_version": 0,
          "private": "bnVsbA==",
          "dependencies": [
            "module.talos.data.hcloud_datacenter.this",
            "module.talos.data.hcloud_location.this",
            "module.talos.hcloud_network.this"
          ]
        }
      ]
    },
    {
      "module": "module.talos",
      "mode": "managed",
      "type": "hcloud_primary_ip",
      "name": "control_plane_ipv4",
      "provider": "module.talos.provider[\"registry.terraform.io/hetznercloud/hcloud\"]",
      "instances": [
        {
          "index_key": 0,
          "schema_version": 0,
          "attributes": {
            "assignee_id": 110755914,
            "assignee_type": "server",
            "auto_delete": false,
            "datacenter": "fsn1-dc14",
            "delete_protection": false,
            "id": "103927181",
            "ip_address": "91.98.93.37",
            "ip_network": null,
            "labels": {
              "cluster": "chriswk",
              "role": "control-plane"
            },
            "name": "control-plane-1-ipv4",
            "type": "ipv4"
          },
          "sensitive_attributes": [],
          "identity_schema_version": 0,
          "private": "bnVsbA==",
          "dependencies": [
            "module.talos.data.hcloud_datacenter.this"
          ]
        },
        {
          "index_key": 1,
          "schema_version": 0,
          "attributes": {
            "assignee_id": 110755918,
            "assignee_type": "server",
            "auto_delete": false,
            "datacenter": "fsn1-dc14",
            "delete_protection": false,
            "id": "103927183",
            "ip_address": "91.98.35.171",
            "ip_network": null,
            "labels": {
              "cluster": "chriswk",
              "role": "control-plane"
            },
            "name": "control-plane-2-ipv4",
            "type": "ipv4"
          },
          "sensitive_attributes": [],
          "identity_schema_version": 0,
          "private": "bnVsbA==",
          "dependencies": [
            "module.talos.data.hcloud_datacenter.this"
          ]
        },
        {
          "index_key": 2,
          "schema_version": 0,
          "attributes": {
            "assignee_id": 110755917,
            "assignee_type": "server",
            "auto_delete": false,
            "datacenter": "fsn1-dc14",
            "delete_protection": false,
            "id": "103927184",
            "ip_address": "49.13.115.131",
            "ip_network": null,
            "labels": {
              "cluster": "chriswk",
              "role": "control-plane"
            },
            "name": "control-plane-3-ipv4",
            "type": "ipv4"
          },
          "sensitive_attributes": [],
          "identity_schema_version": 0,
          "private": "bnVsbA==",
          "dependencies": [
            "module.talos.data.hcloud_datacenter.this"
          ]
        }
      ]
    },
    {
      "module": "module.talos",
      "mode": "managed",
      "type": "hcloud_primary_ip",
      "name": "control_plane_ipv6",
      "provider": "module.talos.provider[\"registry.terraform.io/hetznercloud/hcloud\"]",
      "instances": []
    },
    {
      "module": "module.talos",
      "mode": "managed",
      "type": "tls_cert_request",
      "name": "dummy_issuer",
      "provider": "provider[\"registry.terraform.io/hashicorp/tls\"]",
      "instances": []
    },
    {
      "module": "module.talos",
      "mode": "managed",
      "type": "tls_locally_signed_cert",
      "name": "dummy_issuer",
      "provider": "provider[\"registry.terraform.io/hashicorp/tls\"]",
      "instances": []
    },
    {
      "module": "module.talos",
      "mode": "managed",
      "type": "tls_private_key",
      "name": "dummy_ca",
      "provider": "provider[\"registry.terraform.io/hashicorp/tls\"]",
      "instances": []
    },
    {
      "module": "module.talos",
      "mode": "managed",
      "type": "tls_private_key",
      "name": "dummy_issuer",
      "provider": "provider[\"registry.terraform.io/hashicorp/tls\"]",
      "instances": []
    },
    {
      "module": "module.talos",
      "mode": "managed",
      "type": "tls_self_signed_cert",
      "name": "dummy_ca",
      "provider": "provider[\"registry.terraform.io/hashicorp/tls\"]",
      "instances": []
    }
  ],
  "check_results": [
    {
      "object_kind": "var",
      "config_addr": "module.talos.var.worker_count",
      "status": "unknown",
      "objects": null
    },
    {
      "object_kind": "var",
      "config_addr": "module.talos.var.datacenter_name",
      "status": "unknown",
      "objects": null
    },
    {
      "object_kind": "var",
      "config_addr": "module.talos.var.worker_server_type",
      "status": "unknown",
      "objects": null
    },
    {
      "object_kind": "var",
      "config_addr": "module.talos.var.worker_nodes",
      "status": "unknown",
      "objects": null
    },
    {
      "object_kind": "var",
      "config_addr": "module.talos.var.output_mode_config_cluster_endpoint",
      "status": "unknown",
      "objects": null
    },
    {
      "object_kind": "var",
      "config_addr": "module.talos.var.control_plane_count",
      "status": "unknown",
      "objects": [
        {
          "object_addr": "module.talos.var.control_plane_count",
          "status": "unknown"
        }
      ]
    },
    {
      "object_kind": "var",
      "config_addr": "module.talos.var.control_plane_server_type",
      "status": "unknown",
      "objects": null
    }
  ]
}
